
Microsoft Visual Studio Solution File, Format Version 12.00
# Visual Studio Version 16
VisualStudioVersion = 25.0.1705.2
MinimumVisualStudioVersion = 10.0.40219.1
Project("{FAE04EC0-301F-11D3-BF4B-00C04F79EFBC}") = "PickACardBlazor", "PickACardBlazor\PickACardBlazor.csproj", "{88754873-A807-4C93-80A4-A57C8B13F471}"
EndProject
Global
	GlobalSection(SolutionConfigurationPlatforms) = preSolution
		Debug|Any CPU = Debug|Any CPU
		Release|Any CPU = Release|Any CPU
	EndGlobalSection
	GlobalSection(ProjectConfigurationPlatforms) = postSolution
		{88754873-A807-4C93-80A4-A57C8B13F471}.Debug|Any CPU.ActiveCfg = Debug|Any CPU
		{88754873-A807-4C93-80A4-A57C8B13F471}.Debug|Any CPU.Build.0 = Debug|Any CPU
		{88754873-A807-4C93-80A4-A57C8B13F471}.Release|Any CPU.ActiveCfg = Release|Any CPU
		{88754873-A807-4C93-80A4-A57C8B13F471}.Release|Any CPU.Build.0 = Release|Any CPU
	EndGlobalSection
	GlobalSection(SolutionProperties) = preSolution
		HideSolutionNode = FALSE
	EndGlobalSection
	GlobalSection(ExtensibilityGlobals) = postSolution
		SolutionGuid = {C16FA517-6AF2-4B9E-B48F-64F47E5E3E52}
	EndGlobalSection
EndGlobal
